
Microsoft Visual Studio Solution File, Format Version 12.00
# Visual Studio Version 17
VisualStudioVersion = 17.2.32526.322
MinimumVisualStudioVersion = 10.0.40219.1
Project("{FAE04EC0-301F-11D3-BF4B-00C04F79EFBC}") = "nizar finals OOP", "nizar finals OOP\nizar finals OOP.csproj", "{28655A9C-93D3-460A-A8EA-AFD87F87CB48}"
EndProject
Global
	GlobalSection(SolutionConfigurationPlatforms) = preSolution
		Debug|Any CPU = Debug|Any CPU
		Release|Any CPU = Release|Any CPU
	EndGlobalSection
	GlobalSection(ProjectConfigurationPlatforms) = postSolution
		{28655A9C-93D3-460A-A8EA-AFD87F87CB48}.Debug|Any CPU.ActiveCfg = Debug|Any CPU
		{28655A9C-93D3-460A-A8EA-AFD87F87CB48}.Debug|Any CPU.Build.0 = Debug|Any CPU
		{28655A9C-93D3-460A-A8EA-AFD87F87CB48}.Release|Any CPU.ActiveCfg = Release|Any CPU
		{28655A9C-93D3-460A-A8EA-AFD87F87CB48}.Release|Any CPU.Build.0 = Release|Any CPU
	EndGlobalSection
	GlobalSection(SolutionProperties) = preSolution
		HideSolutionNode = FALSE
	EndGlobalSection
	GlobalSection(ExtensibilityGlobals) = postSolution
		SolutionGuid = {B17193C8-9DD3-4010-881A-857A15999E76}
	EndGlobalSection
EndGlobal
